
Microsoft Visual Studio Solution File, Format Version 12.00
# Visual Studio Version 16
VisualStudioVersion = 16.0.32126.315
MinimumVisualStudioVersion = 10.0.40219.1
Project("{FAE04EC0-301F-11D3-BF4B-00C04F79EFBC}") = "Шадрин Вариант 12 Лабораторная работа 12 №1,3", "Шадрин Вариант 12 Лабораторная работа 12 №1,3\Шадрин Вариант 12 Лабораторная работа 12 №1,3.csproj", "{F18B8D70-DC8E-41EF-8370-33BAA21A5F16}"
EndProject
Global
	GlobalSection(SolutionConfigurationPlatforms) = preSolution
		Debug|Any CPU = Debug|Any CPU
		Release|Any CPU = Release|Any CPU
	EndGlobalSection
	GlobalSection(ProjectConfigurationPlatforms) = postSolution
		{F18B8D70-DC8E-41EF-8370-33BAA21A5F16}.Debug|Any CPU.ActiveCfg = Debug|Any CPU
		{F18B8D70-DC8E-41EF-8370-33BAA21A5F16}.Debug|Any CPU.Build.0 = Debug|Any CPU
		{F18B8D70-DC8E-41EF-8370-33BAA21A5F16}.Release|Any CPU.ActiveCfg = Release|Any CPU
		{F18B8D70-DC8E-41EF-8370-33BAA21A5F16}.Release|Any CPU.Build.0 = Release|Any CPU
	EndGlobalSection
	GlobalSection(SolutionProperties) = preSolution
		HideSolutionNode = FALSE
	EndGlobalSection
	GlobalSection(ExtensibilityGlobals) = postSolution
		SolutionGuid = {5BFDCC8C-9C38-4CEA-B35D-485180563D91}
	EndGlobalSection
EndGlobal
