
Microsoft Visual Studio Solution File, Format Version 12.00
# Visual Studio Version 17
VisualStudioVersion = 17.0.32126.317
MinimumVisualStudioVersion = 10.0.40219.1
Project("{FAE04EC0-301F-11D3-BF4B-00C04F79EFBC}") = "Лабораторная 7 Шадрин", "Лабораторная 7 Шадрин\Лабораторная 7 Шадрин.csproj", "{CF14C0C0-305A-4F7C-8052-B7256A238925}"
EndProject
Global
	GlobalSection(SolutionConfigurationPlatforms) = preSolution
		Debug|Any CPU = Debug|Any CPU
		Release|Any CPU = Release|Any CPU
	EndGlobalSection
	GlobalSection(ProjectConfigurationPlatforms) = postSolution
		{CF14C0C0-305A-4F7C-8052-B7256A238925}.Debug|Any CPU.ActiveCfg = Debug|Any CPU
		{CF14C0C0-305A-4F7C-8052-B7256A238925}.Debug|Any CPU.Build.0 = Debug|Any CPU
		{CF14C0C0-305A-4F7C-8052-B7256A238925}.Release|Any CPU.ActiveCfg = Release|Any CPU
		{CF14C0C0-305A-4F7C-8052-B7256A238925}.Release|Any CPU.Build.0 = Release|Any CPU
	EndGlobalSection
	GlobalSection(SolutionProperties) = preSolution
		HideSolutionNode = FALSE
	EndGlobalSection
	GlobalSection(ExtensibilityGlobals) = postSolution
		SolutionGuid = {20F43262-46E6-4A24-969C-4AE11E43A568}
	EndGlobalSection
EndGlobal
