
Microsoft Visual Studio Solution File, Format Version 12.00
# Visual Studio Version 17
VisualStudioVersion = 17.0.32126.317
MinimumVisualStudioVersion = 10.0.40219.1
Project("{FAE04EC0-301F-11D3-BF4B-00C04F79EFBC}") = "Шадрин Вариант 12 Лабораторная 1", "Шадрин Вариант 12 Лабораторная 1\Шадрин Вариант 12 Лабораторная 1.csproj", "{06912A1A-A6E6-4170-AB1D-95994B2E6D85}"
EndProject
Global
	GlobalSection(SolutionConfigurationPlatforms) = preSolution
		Debug|Any CPU = Debug|Any CPU
		Release|Any CPU = Release|Any CPU
	EndGlobalSection
	GlobalSection(ProjectConfigurationPlatforms) = postSolution
		{06912A1A-A6E6-4170-AB1D-95994B2E6D85}.Debug|Any CPU.ActiveCfg = Debug|Any CPU
		{06912A1A-A6E6-4170-AB1D-95994B2E6D85}.Debug|Any CPU.Build.0 = Debug|Any CPU
		{06912A1A-A6E6-4170-AB1D-95994B2E6D85}.Release|Any CPU.ActiveCfg = Release|Any CPU
		{06912A1A-A6E6-4170-AB1D-95994B2E6D85}.Release|Any CPU.Build.0 = Release|Any CPU
	EndGlobalSection
	GlobalSection(SolutionProperties) = preSolution
		HideSolutionNode = FALSE
	EndGlobalSection
	GlobalSection(ExtensibilityGlobals) = postSolution
		SolutionGuid = {C1F73749-8EC8-424F-A44A-BE7470C36992}
	EndGlobalSection
EndGlobal
