
Microsoft Visual Studio Solution File, Format Version 12.00
# Visual Studio Version 17
VisualStudioVersion = 17.0.32126.317
MinimumVisualStudioVersion = 10.0.40219.1
Project("{FAE04EC0-301F-11D3-BF4B-00C04F79EFBC}") = "Лабораторная 7,4 Шадрин", "Лабораторная 7,4 Шадрин\Лабораторная 7,4 Шадрин.csproj", "{4A487BB7-E17E-4697-AAA2-D9EF043AE37C}"
EndProject
Global
	GlobalSection(SolutionConfigurationPlatforms) = preSolution
		Debug|Any CPU = Debug|Any CPU
		Release|Any CPU = Release|Any CPU
	EndGlobalSection
	GlobalSection(ProjectConfigurationPlatforms) = postSolution
		{4A487BB7-E17E-4697-AAA2-D9EF043AE37C}.Debug|Any CPU.ActiveCfg = Debug|Any CPU
		{4A487BB7-E17E-4697-AAA2-D9EF043AE37C}.Debug|Any CPU.Build.0 = Debug|Any CPU
		{4A487BB7-E17E-4697-AAA2-D9EF043AE37C}.Release|Any CPU.ActiveCfg = Release|Any CPU
		{4A487BB7-E17E-4697-AAA2-D9EF043AE37C}.Release|Any CPU.Build.0 = Release|Any CPU
	EndGlobalSection
	GlobalSection(SolutionProperties) = preSolution
		HideSolutionNode = FALSE
	EndGlobalSection
	GlobalSection(ExtensibilityGlobals) = postSolution
		SolutionGuid = {93E7E4AC-EC59-4180-B67D-29485FE37786}
	EndGlobalSection
EndGlobal
